# image tag|linux/amd64 manifest digest|registry image ID|Podman export -> Docker load image ID
docker.io/vxcontrol/pentagi:2.1.0|sha256:6a9ace70b286ffe005c266497c7683f1a0279fdb3b94ac3ee5311176cdccf8f3|sha256:c7f04b51a75d83468bab1b28b1aefef4b90aecf5b983640ba775bb7a5e5b4ab9|sha256:0c856c1d3cc14bfcee69168d3292d877986fbf96ac65d9658db511454a2d6065
docker.io/vxcontrol/pgvector:latest|sha256:09afd689127bdb42319a133b2ef7cd4318b7ebda58412644975d6eacd2367fb0|sha256:c93dcec1305d0c4db610f65b52141773c47428944fc1bf0791a9f5e9d715f346|sha256:f6c2a48298add526abbb2b0918ae64c95b07d14dbc24f742ad33898b1b9bb9da
docker.io/vxcontrol/scraper:latest|sha256:4a3b0f179ab29003313167877ee2f6ab74c89f3fcb1ce108e648ca1ffadc51b7|sha256:63806bd2c656a781b5f2cc3d9b2d9b85f2c68d9534a4dd4be4e4104123ec6cbb|sha256:d61d15df10a7ad57d018319609e886e4e3bbe10ac5ab1ce67423f227887fba1b
quay.io/prometheuscommunity/postgres-exporter:v0.16.0|sha256:6999a7657e2f2fb0ca6ebf417213eebf6dc7d21b30708c622f6fcb11183a2bb0|sha256:590e4b5e33ca2d89c6cf8e44e20a5dafc87f393dba8041e698415dd8bac22253|sha256:d9a10ce5148b9cd02f72425e4fb5e4566e8fc56f12cd7ae56f4d9adb1d6927ad
docker.io/vxcontrol/kali-linux:latest|sha256:7f803e5be80ec33dcf4228d9702ea1264658b43301e9d6bf3bce6cf8b1077399|sha256:71be702f5bb9d2fa02a88d618ce40a05e80894885fe57ae1e19d6285fb19a947|sha256:350a1f4ad679df943cca5076489e1a80eae91abf353dfea4c683805d8e06b6fb
docker.io/library/debian:latest|sha256:9cc080028c43b27d2074d63a5f9caf7166d731494965616c1a6d2827a004585c|sha256:36c636ddb9c578b068df381216d26a921c64fc2534e20baf7d0c53fb800b3a74|sha256:7de513bedb81d723c5559e691406e242426b4795cbdb3ae651eede1d6a3f49c8
